{
  "requires": true,
  "lockfileVersion": 1,
  "dependencies": {
    "@microsoft/teams-js": {
      "version": "1.3.7",
      "resolved": "https://registry.npmjs.org/@microsoft/teams-js/-/teams-js-1.3.7.tgz",
      "integrity": "sha512-Lg0WsDLkIzkjP/aDz1Ho9A7wJ5XHzsmWsDgySavbT7rPP1wCj/BohhU9VJhhZRG0LiAtTIquFBXFY3SZ0xdU7w=="
    }
  }
}
